<?xml version="1.0" encoding="utf-8"?>
<Project ToolsVersion="4.0" xmlns="http://schemas.microsoft.com/developer/msbuild/2003">
  <ItemGroup>
    <ClInclude Include="CorePch.h">
      <Filter>core</Filter>
    </ClInclude>
    <ClInclude Include="pch.h">
      <Filter>core</Filter>
    </ClInclude>
    <ClInclude Include="Types.h">
      <Filter>core</Filter>
    </ClInclude>
    <ClInclude Include="IOCPCore.h">
      <Filter>core</Filter>
    </ClInclude>
    <ClInclude Include="Session.h">
      <Filter>core</Filter>
    </ClInclude>
    <ClInclude Include="BufferReader.h">
      <Filter>base</Filter>
    </ClInclude>
    <ClInclude Include="BufferWriter.h">
      <Filter>base</Filter>
    </ClInclude>
    <ClInclude Include="TCPListener.h">
      <Filter>core</Filter>
    </ClInclude>
    <ClInclude Include="Service.h">
      <Filter>base</Filter>
    </ClInclude>
    <ClInclude Include="RecvBuffer.h">
      <Filter>core</Filter>
    </ClInclude>
    <ClInclude Include="ThreadManager.h">
      <Filter>base</Filter>
    </ClInclude>
    <ClInclude Include="ServerService.h">
      <Filter>base</Filter>
    </ClInclude>
    <ClInclude Include="TCPConnector.h">
      <Filter>core</Filter>
    </ClInclude>
    <ClInclude Include="Lock.h">
      <Filter>base</Filter>
    </ClInclude>
  </ItemGroup>
  <ItemGroup>
    <ClCompile Include="CorePch.cpp">
      <Filter>core</Filter>
    </ClCompile>
    <ClCompile Include="pch.cpp">
      <Filter>core</Filter>
    </ClCompile>
    <ClCompile Include="IOCPCore.cpp">
      <Filter>core</Filter>
    </ClCompile>
    <ClCompile Include="Session.cpp">
      <Filter>core</Filter>
    </ClCompile>
    <ClCompile Include="BufferReader.cpp">
      <Filter>base</Filter>
    </ClCompile>
    <ClCompile Include="BufferWriter.cpp">
      <Filter>base</Filter>
    </ClCompile>
    <ClCompile Include="TCPListener.cpp">
      <Filter>core</Filter>
    </ClCompile>
    <ClCompile Include="Service.cpp">
      <Filter>base</Filter>
    </ClCompile>
    <ClCompile Include="RecvBuffer.cpp">
      <Filter>core</Filter>
    </ClCompile>
    <ClCompile Include="ThreadManager.cpp">
      <Filter>base</Filter>
    </ClCompile>
    <ClCompile Include="ServerService.cpp">
      <Filter>base</Filter>
    </ClCompile>
    <ClCompile Include="TCPConnector.cpp">
      <Filter>core</Filter>
    </ClCompile>
    <ClCompile Include="Lock.cpp">
      <Filter>base</Filter>
    </ClCompile>
  </ItemGroup>
  <ItemGroup>
    <Filter Include="base">
      <UniqueIdentifier>{5e224ca9-5f18-4d7a-bf68-d95aa4f5f967}</UniqueIdentifier>
    </Filter>
    <Filter Include="core">
      <UniqueIdentifier>{332e7fbb-0d85-4418-b23f-f023092b9fe6}</UniqueIdentifier>
    </Filter>
  </ItemGroup>
</Project>